
Microsoft Visual Studio Solution File, Format Version 12.00
# Visual Studio 14
VisualStudioVersion = 14.0.23107.0
MinimumVisualStudioVersion = 10.0.40219.1
Project("{2150E333-8FDC-42A3-9474-1A3956D46DE8}") = "Portal", "Portal", "{2D8562E7-555F-4DFB-89C1-3400B9E231C8}"
EndProject
Project("{2150E333-8FDC-42A3-9474-1A3956D46DE8}") = "Service", "Service", "{1486A282-1822-47B6-8DAD-BD39AADB0FC4}"
EndProject
Project("{2150E333-8FDC-42A3-9474-1A3956D46DE8}") = "DataContract", "DataContract", "{BB33D9B4-314D-4BF5-8162-35942985985A}"
EndProject
Project("{2150E333-8FDC-42A3-9474-1A3956D46DE8}") = "DataAccess", "DataAccess", "{3DD5EA08-BCBB-43D3-9F81-363F7C717FEF}"
EndProject
Project("{2150E333-8FDC-42A3-9474-1A3956D46DE8}") = "Foundation", "Foundation", "{BD67E0BB-0541-4EB7-BA0A-705E1E6E15E5}"
EndProject
Project("{2150E333-8FDC-42A3-9474-1A3956D46DE8}") = "Automate", "Automate", "{75261484-9172-477A-A994-216629F382F1}"
EndProject
Project("{2150E333-8FDC-42A3-9474-1A3956D46DE8}") = "Library", "Library", "{8C65C547-2FFE-4BD0-8E43-5A12CFEBCA4F}"
EndProject
Project("{FAE04EC0-301F-11D3-BF4B-00C04F79EFBC}") = "V5.Service.User", "V5.Service\V5.Service.User\V5.Service.User.csproj", "{C652F7D9-7136-4699-B329-A11B24F47A4E}"
	ProjectSection(ProjectDependencies) = postProject
		{06F0B648-8FE0-4D8D-9BBA-F0BB81CBE60B} = {06F0B648-8FE0-4D8D-9BBA-F0BB81CBE60B}
		{F1232CAA-57A4-40E9-A87D-6A51F26D4463} = {F1232CAA-57A4-40E9-A87D-6A51F26D4463}
		{D59FA7AD-67E5-459D-97D3-DD92689E43D5} = {D59FA7AD-67E5-459D-97D3-DD92689E43D5}
		{0F4405D4-CE98-4BC9-9545-6BE60ECB3884} = {0F4405D4-CE98-4BC9-9545-6BE60ECB3884}
	EndProjectSection
EndProject
Project("{FAE04EC0-301F-11D3-BF4B-00C04F79EFBC}") = "V5.DataContract.User", "V5.DataContract\V5.DataContract.User\V5.DataContract.User.csproj", "{06F0B648-8FE0-4D8D-9BBA-F0BB81CBE60B}"
EndProject
Project("{FAE04EC0-301F-11D3-BF4B-00C04F79EFBC}") = "V5.DataAccess.User", "V5.DataAccess\V5.DataAccess.User\V5.DataAccess.User.csproj", "{F1232CAA-57A4-40E9-A87D-6A51F26D4463}"
	ProjectSection(ProjectDependencies) = postProject
		{06F0B648-8FE0-4D8D-9BBA-F0BB81CBE60B} = {06F0B648-8FE0-4D8D-9BBA-F0BB81CBE60B}
		{D59FA7AD-67E5-459D-97D3-DD92689E43D5} = {D59FA7AD-67E5-459D-97D3-DD92689E43D5}
	EndProjectSection
EndProject
Project("{FAE04EC0-301F-11D3-BF4B-00C04F79EFBC}") = "V5.DataAccess.Product", "V5.DataAccess\V5.DataAccess.Product\V5.DataAccess.Product.csproj", "{5FB9A222-7AA1-4567-995E-B90027F39A8A}"
	ProjectSection(ProjectDependencies) = postProject
		{8A6D374A-1AF2-4AA8-8C71-E91724E1D7B1} = {8A6D374A-1AF2-4AA8-8C71-E91724E1D7B1}
		{D59FA7AD-67E5-459D-97D3-DD92689E43D5} = {D59FA7AD-67E5-459D-97D3-DD92689E43D5}
	EndProjectSection
EndProject
Project("{FAE04EC0-301F-11D3-BF4B-00C04F79EFBC}") = "V5.DataContract.Product", "V5.DataContract\V5.DataContract.Product\V5.DataContract.Product.csproj", "{8A6D374A-1AF2-4AA8-8C71-E91724E1D7B1}"
EndProject
Project("{FAE04EC0-301F-11D3-BF4B-00C04F79EFBC}") = "V5.Service.Product", "V5.Service\V5.Service.Product\V5.Service.Product.csproj", "{12F38FDD-304F-409B-A1D8-8BD3AA955318}"
	ProjectSection(ProjectDependencies) = postProject
		{5FB9A222-7AA1-4567-995E-B90027F39A8A} = {5FB9A222-7AA1-4567-995E-B90027F39A8A}
		{8A6D374A-1AF2-4AA8-8C71-E91724E1D7B1} = {8A6D374A-1AF2-4AA8-8C71-E91724E1D7B1}
		{D59FA7AD-67E5-459D-97D3-DD92689E43D5} = {D59FA7AD-67E5-459D-97D3-DD92689E43D5}
		{0F4405D4-CE98-4BC9-9545-6BE60ECB3884} = {0F4405D4-CE98-4BC9-9545-6BE60ECB3884}
	EndProjectSection
EndProject
Project("{FAE04EC0-301F-11D3-BF4B-00C04F79EFBC}") = "V5.DataAccess.Transact", "V5.DataAccess\V5.DataAccess.Transact\V5.DataAccess.Transact.csproj", "{2139D830-8918-4D28-914B-B05951B3D666}"
	ProjectSection(ProjectDependencies) = postProject
		{D59FA7AD-67E5-459D-97D3-DD92689E43D5} = {D59FA7AD-67E5-459D-97D3-DD92689E43D5}
		{3CEAB9B8-873B-4215-AF37-8DDAB50DC3C9} = {3CEAB9B8-873B-4215-AF37-8DDAB50DC3C9}
	EndProjectSection
EndProject
Project("{FAE04EC0-301F-11D3-BF4B-00C04F79EFBC}") = "V5.DataContract.Transact", "V5.DataContract\V5.DataContract.Transact\V5.DataContract.Transact.csproj", "{7A795796-E69B-4780-987B-EF026F0AA136}"
EndProject
Project("{FAE04EC0-301F-11D3-BF4B-00C04F79EFBC}") = "V5.Service.Transact", "V5.Service\V5.Service.Transact\V5.Service.Transact.csproj", "{D8743EFC-14B0-48B0-BD20-CB5330592ECF}"
	ProjectSection(ProjectDependencies) = postProject
		{2139D830-8918-4D28-914B-B05951B3D666} = {2139D830-8918-4D28-914B-B05951B3D666}
		{7A795796-E69B-4780-987B-EF026F0AA136} = {7A795796-E69B-4780-987B-EF026F0AA136}
		{D59FA7AD-67E5-459D-97D3-DD92689E43D5} = {D59FA7AD-67E5-459D-97D3-DD92689E43D5}
		{0F4405D4-CE98-4BC9-9545-6BE60ECB3884} = {0F4405D4-CE98-4BC9-9545-6BE60ECB3884}
	EndProjectSection
EndProject
Project("{FAE04EC0-301F-11D3-BF4B-00C04F79EFBC}") = "V5.DataAccess.Promote", "V5.DataAccess\V5.DataAccess.Promote\V5.DataAccess.Promote.csproj", "{71A64C58-7EA1-419F-9D45-F5C09B5388B1}"
	ProjectSection(ProjectDependencies) = postProject
		{D59FA7AD-67E5-459D-97D3-DD92689E43D5} = {D59FA7AD-67E5-459D-97D3-DD92689E43D5}
		{3CEAB9B8-873B-4215-AF37-8DDAB50DC3C9} = {3CEAB9B8-873B-4215-AF37-8DDAB50DC3C9}
	EndProjectSection
EndProject
Project("{FAE04EC0-301F-11D3-BF4B-00C04F79EFBC}") = "V5.DataContract.Promote", "V5.DataContract\V5.DataContract.Promote\V5.DataContract.Promote.csproj", "{3CEAB9B8-873B-4215-AF37-8DDAB50DC3C9}"
EndProject
Project("{FAE04EC0-301F-11D3-BF4B-00C04F79EFBC}") = "V5.Service.Promote", "V5.Service\V5.Service.Promote\V5.Service.Promote.csproj", "{438B6299-9570-454B-A24B-83B6B1081129}"
	ProjectSection(ProjectDependencies) = postProject
		{71A64C58-7EA1-419F-9D45-F5C09B5388B1} = {71A64C58-7EA1-419F-9D45-F5C09B5388B1}
		{D59FA7AD-67E5-459D-97D3-DD92689E43D5} = {D59FA7AD-67E5-459D-97D3-DD92689E43D5}
		{3CEAB9B8-873B-4215-AF37-8DDAB50DC3C9} = {3CEAB9B8-873B-4215-AF37-8DDAB50DC3C9}
		{0F4405D4-CE98-4BC9-9545-6BE60ECB3884} = {0F4405D4-CE98-4BC9-9545-6BE60ECB3884}
	EndProjectSection
EndProject
Project("{FAE04EC0-301F-11D3-BF4B-00C04F79EFBC}") = "V5.DataAccess", "V5.DataAccess\V5.DataAccess\V5.DataAccess.csproj", "{D59FA7AD-67E5-459D-97D3-DD92689E43D5}"
	ProjectSection(ProjectDependencies) = postProject
		{06F0B648-8FE0-4D8D-9BBA-F0BB81CBE60B} = {06F0B648-8FE0-4D8D-9BBA-F0BB81CBE60B}
		{8A6D374A-1AF2-4AA8-8C71-E91724E1D7B1} = {8A6D374A-1AF2-4AA8-8C71-E91724E1D7B1}
		{8ABCE18E-100C-4714-8D8D-55D95ADBED94} = {8ABCE18E-100C-4714-8D8D-55D95ADBED94}
		{7A795796-E69B-4780-987B-EF026F0AA136} = {7A795796-E69B-4780-987B-EF026F0AA136}
		{9DBB3F9A-6FA0-4E5A-86BE-FBBD7B764039} = {9DBB3F9A-6FA0-4E5A-86BE-FBBD7B764039}
		{C55644AA-829E-48F7-B14E-BC36D8C31626} = {C55644AA-829E-48F7-B14E-BC36D8C31626}
		{A096FAAD-C5A4-4969-B7C3-6436F626F2C4} = {A096FAAD-C5A4-4969-B7C3-6436F626F2C4}
		{3CEAB9B8-873B-4215-AF37-8DDAB50DC3C9} = {3CEAB9B8-873B-4215-AF37-8DDAB50DC3C9}
		{0A8000BD-A860-4BD8-96F3-415A61EB5098} = {0A8000BD-A860-4BD8-96F3-415A61EB5098}
	EndProjectSection
EndProject
Project("{FAE04EC0-301F-11D3-BF4B-00C04F79EFBC}") = "V5.Service", "V5.Service\V5.Service\V5.Service.csproj", "{0F4405D4-CE98-4BC9-9545-6BE60ECB3884}"
	ProjectSection(ProjectDependencies) = postProject
		{06F0B648-8FE0-4D8D-9BBA-F0BB81CBE60B} = {06F0B648-8FE0-4D8D-9BBA-F0BB81CBE60B}
		{8A6D374A-1AF2-4AA8-8C71-E91724E1D7B1} = {8A6D374A-1AF2-4AA8-8C71-E91724E1D7B1}
		{7A795796-E69B-4780-987B-EF026F0AA136} = {7A795796-E69B-4780-987B-EF026F0AA136}
		{3CEAB9B8-873B-4215-AF37-8DDAB50DC3C9} = {3CEAB9B8-873B-4215-AF37-8DDAB50DC3C9}
	EndProjectSection
EndProject
Project("{FAE04EC0-301F-11D3-BF4B-00C04F79EFBC}") = "V5.Automate", "V5.Foundation\V5.Automate\V5.Automate\V5.Automate.csproj", "{FC590E71-6CB1-4597-A069-5D5CEB44E08B}"
EndProject
Project("{FAE04EC0-301F-11D3-BF4B-00C04F79EFBC}") = "V5.Automate.UI", "V5.Foundation\V5.Automate\V5.Automate.UI\V5.Automate.UI.csproj", "{7D5130DA-E897-4403-9758-B4B8AD895692}"
EndProject
Project("{FAE04EC0-301F-11D3-BF4B-00C04F79EFBC}") = "V5.Library", "V5.Foundation\V5.Library\V5.Library\V5.Library.csproj", "{0A8000BD-A860-4BD8-96F3-415A61EB5098}"
EndProject
Project("{FAE04EC0-301F-11D3-BF4B-00C04F79EFBC}") = "V5.Library.Reflecter", "V5.Foundation\V5.Library\V5.Library.Reflecter\V5.Library.Reflecter.csproj", "{9DBB3F9A-6FA0-4E5A-86BE-FBBD7B764039}"
EndProject
Project("{FAE04EC0-301F-11D3-BF4B-00C04F79EFBC}") = "V5.Library.Security", "V5.Foundation\V5.Library\V5.Library.Security\V5.Library.Security.csproj", "{A096FAAD-C5A4-4969-B7C3-6436F626F2C4}"
EndProject
Project("{FAE04EC0-301F-11D3-BF4B-00C04F79EFBC}") = "V5.Library.Serializer", "V5.Foundation\V5.Library\V5.Library.Serializer\V5.Library.Serializer.csproj", "{C55644AA-829E-48F7-B14E-BC36D8C31626}"
EndProject
Project("{FAE04EC0-301F-11D3-BF4B-00C04F79EFBC}") = "V5.Library.Storage", "V5.Foundation\V5.Library\V5.Library.Storage\V5.Library.Storage.csproj", "{8ABCE18E-100C-4714-8D8D-55D95ADBED94}"
EndProject
Project("{FAE04EC0-301F-11D3-BF4B-00C04F79EFBC}") = "V5.Portal", "V5.Portal\V5.Portal\V5.Portal.csproj", "{AEBB5146-BE2B-4752-B265-004D07D89DAC}"
EndProject
Project("{FAE04EC0-301F-11D3-BF4B-00C04F79EFBC}") = "V5.DataAccess.Configuration", "V5.DataAccess\V5.DataAccess.Configuration\V5.DataAccess.Configuration.csproj", "{7B1A5627-CB37-433F-AED4-AF0738EC0249}"
	ProjectSection(ProjectDependencies) = postProject
		{F3E04C83-68B1-478A-9C14-D29885FD4806} = {F3E04C83-68B1-478A-9C14-D29885FD4806}
		{D59FA7AD-67E5-459D-97D3-DD92689E43D5} = {D59FA7AD-67E5-459D-97D3-DD92689E43D5}
	EndProjectSection
EndProject
Project("{FAE04EC0-301F-11D3-BF4B-00C04F79EFBC}") = "V5.DataContract.Configuration", "V5.DataContract\V5.DataContract.Configuration\V5.DataContract.Configuration.csproj", "{F3E04C83-68B1-478A-9C14-D29885FD4806}"
EndProject
Project("{FAE04EC0-301F-11D3-BF4B-00C04F79EFBC}") = "V5.Service.Configuration", "V5.Service\V5.Service.Configuration\V5.Service.Configuration.csproj", "{191CC936-5752-4597-9431-BB81F2B61E94}"
	ProjectSection(ProjectDependencies) = postProject
		{7B1A5627-CB37-433F-AED4-AF0738EC0249} = {7B1A5627-CB37-433F-AED4-AF0738EC0249}
		{F3E04C83-68B1-478A-9C14-D29885FD4806} = {F3E04C83-68B1-478A-9C14-D29885FD4806}
		{D59FA7AD-67E5-459D-97D3-DD92689E43D5} = {D59FA7AD-67E5-459D-97D3-DD92689E43D5}
		{0F4405D4-CE98-4BC9-9545-6BE60ECB3884} = {0F4405D4-CE98-4BC9-9545-6BE60ECB3884}
	EndProjectSection
EndProject
Project("{FAE04EC0-301F-11D3-BF4B-00C04F79EFBC}") = "V5.Portal.Backstage", "V5.Portal\V5.Portal.Backstage\V5.Portal.Backstage.csproj", "{2873E46E-0FDA-452F-8DA8-4C48B6836DCA}"
	ProjectSection(ProjectDependencies) = postProject
		{5FB9A222-7AA1-4567-995E-B90027F39A8A} = {5FB9A222-7AA1-4567-995E-B90027F39A8A}
		{7B1A5627-CB37-433F-AED4-AF0738EC0249} = {7B1A5627-CB37-433F-AED4-AF0738EC0249}
		{8E4A9029-C24C-4F8A-8E90-E8D89DDD4519} = {8E4A9029-C24C-4F8A-8E90-E8D89DDD4519}
		{2139D830-8918-4D28-914B-B05951B3D666} = {2139D830-8918-4D28-914B-B05951B3D666}
		{71A64C58-7EA1-419F-9D45-F5C09B5388B1} = {71A64C58-7EA1-419F-9D45-F5C09B5388B1}
		{F1232CAA-57A4-40E9-A87D-6A51F26D4463} = {F1232CAA-57A4-40E9-A87D-6A51F26D4463}
		{D59FA7AD-67E5-459D-97D3-DD92689E43D5} = {D59FA7AD-67E5-459D-97D3-DD92689E43D5}
	EndProjectSection
EndProject
Project("{FAE04EC0-301F-11D3-BF4B-00C04F79EFBC}") = "V5.DataAccess.System", "V5.DataAccess\V5.DataAccess.System\V5.DataAccess.System.csproj", "{8E4A9029-C24C-4F8A-8E90-E8D89DDD4519}"
EndProject
Project("{FAE04EC0-301F-11D3-BF4B-00C04F79EFBC}") = "V5.DataContract.System", "V5.DataContract\V5.DataContract.System\V5.DataContract.System.csproj", "{6FC20914-1D9F-4824-8F8B-22C183AAD524}"
EndProject
Project("{FAE04EC0-301F-11D3-BF4B-00C04F79EFBC}") = "V5.Service.System", "V5.Service\V5.Service.System\V5.Service.System.csproj", "{5FA84E58-020E-4499-9E55-2A47134ADF53}"
	ProjectSection(ProjectDependencies) = postProject
		{0F4405D4-CE98-4BC9-9545-6BE60ECB3884} = {0F4405D4-CE98-4BC9-9545-6BE60ECB3884}
	EndProjectSection
EndProject
Project("{FAE04EC0-301F-11D3-BF4B-00C04F79EFBC}") = "V5.DataAccess.Channel", "V5.DataAccess\V5.DataAccess.Channel\V5.DataAccess.Channel.csproj", "{E0805968-1AAD-4208-81AE-FC5BE4B1370C}"
EndProject
Project("{FAE04EC0-301F-11D3-BF4B-00C04F79EFBC}") = "V5.DataAccess.Picture", "V5.DataAccess\V5.DataAccess.Picture\V5.DataAccess.Picture.csproj", "{D236A58B-D6D5-4092-9CBF-B9F6E3A2A040}"
EndProject
Project("{FAE04EC0-301F-11D3-BF4B-00C04F79EFBC}") = "V5.DataContract.Channel", "V5.DataContract\V5.DataContract.Channel\V5.DataContract.Channel.csproj", "{A8CEFCFE-89DA-4B55-9246-F2B5E00DA619}"
EndProject
Project("{FAE04EC0-301F-11D3-BF4B-00C04F79EFBC}") = "V5.DataContract.Picture", "V5.DataContract\V5.DataContract.Picture\V5.DataContract.Picture.csproj", "{A239DAC6-08F2-4B72-B43E-9E375B2761C7}"
EndProject
Project("{FAE04EC0-301F-11D3-BF4B-00C04F79EFBC}") = "V5.Service.Channel", "V5.Service\V5.Service.Channel\V5.Service.Channel.csproj", "{47DE90EB-79F5-4ED6-BCA8-84F5B266DF4C}"
EndProject
Project("{FAE04EC0-301F-11D3-BF4B-00C04F79EFBC}") = "V5.Service.Picture", "V5.Service\V5.Service.Picture\V5.Service.Picture.csproj", "{4FD30A72-CA07-4223-A4DE-66E0A492E8EC}"
EndProject
Project("{FAE04EC0-301F-11D3-BF4B-00C04F79EFBC}") = "V5.Service.Utility", "V5.Service\V5.Service.Utility\V5.Service.Utility.csproj", "{818057F3-4191-4393-8E29-43431E5C2EBD}"
EndProject
Project("{FAE04EC0-301F-11D3-BF4B-00C04F79EFBC}") = "V5.DataContract.Utility", "V5.DataContract\V5.DataContract.Utility\V5.DataContract.Utility.csproj", "{E1C6A652-88EC-4E4A-B42A-D5F383CB33BD}"
EndProject
Project("{FAE04EC0-301F-11D3-BF4B-00C04F79EFBC}") = "V5.DataAccess.Utility", "V5.DataAccess\V5.DataAccess.Utility\V5.DataAccess.Utility.csproj", "{F200803E-EF75-463E-9855-C47228D1D659}"
EndProject
Project("{FAE04EC0-301F-11D3-BF4B-00C04F79EFBC}") = "V5.Library.Logger", "V5.Foundation\V5.Library\V5.Library.Log\V5.Library.Logger.csproj", "{500C79FB-CFEB-45DB-BE5A-7D4FA0B62F7D}"
EndProject
Project("{FAE04EC0-301F-11D3-BF4B-00C04F79EFBC}") = "V5.Portal.Image", "V5.Portal\V5.Portal.Image\V5.Portal.Image.csproj", "{ABFDAD9D-F794-400E-915C-A76143EA4CEC}"
EndProject
Project("{FAE04EC0-301F-11D3-BF4B-00C04F79EFBC}") = "V5.DataAccess.Advertise", "V5.DataAccess\V5.DataAccess.Advertise\V5.DataAccess.Advertise.csproj", "{B8788CC3-AB50-4756-859B-B97613BFF720}"
EndProject
Project("{FAE04EC0-301F-11D3-BF4B-00C04F79EFBC}") = "V5.DataContract.Advertise", "V5.DataContract\V5.DataContract.Advertise\V5.DataContract.Advertise.csproj", "{EEFFB28E-9876-42DB-8C41-4B5E0EF5D72B}"
EndProject
Project("{FAE04EC0-301F-11D3-BF4B-00C04F79EFBC}") = "V5.Service.Advertise", "V5.Service\V5.Service.Advertise\V5.Service.Advertise.csproj", "{305F7424-BD86-42B7-9921-452A9E154B0D}"
EndProject
Project("{FAE04EC0-301F-11D3-BF4B-00C04F79EFBC}") = "V5.Library.OAuth2", "V5.Foundation\V5.Library\V5.Library.OAuth2\V5.Library.OAuth2.csproj", "{0DCB14BD-084E-4CDD-951B-4667732CAD29}"
EndProject
Project("{FAE04EC0-301F-11D3-BF4B-00C04F79EFBC}") = "GY_ERP_API", "GY_ERP_API\GY_ERP_API.csproj", "{8ED6AE40-F849-42E8-8A15-81E1457EA307}"
EndProject
Global
	GlobalSection(SolutionConfigurationPlatforms) = preSolution
		Debug|Any CPU = Debug|Any CPU
		Debug|Mixed Platforms = Debug|Mixed Platforms
		Debug|x86 = Debug|x86
		Release|Any CPU = Release|Any CPU
		Release|Mixed Platforms = Release|Mixed Platforms
		Release|x86 = Release|x86
	EndGlobalSection
	GlobalSection(ProjectConfigurationPlatforms) = postSolution
		{C652F7D9-7136-4699-B329-A11B24F47A4E}.Debug|Any CPU.ActiveCfg = Debug|Any CPU
		{C652F7D9-7136-4699-B329-A11B24F47A4E}.Debug|Any CPU.Build.0 = Debug|Any CPU
		{C652F7D9-7136-4699-B329-A11B24F47A4E}.Debug|Mixed Platforms.ActiveCfg = Debug|Any CPU
		{C652F7D9-7136-4699-B329-A11B24F47A4E}.Debug|Mixed Platforms.Build.0 = Debug|Any CPU
		{C652F7D9-7136-4699-B329-A11B24F47A4E}.Debug|x86.ActiveCfg = Debug|Any CPU
		{C652F7D9-7136-4699-B329-A11B24F47A4E}.Release|Any CPU.ActiveCfg = Release|Any CPU
		{C652F7D9-7136-4699-B329-A11B24F47A4E}.Release|Any CPU.Build.0 = Release|Any CPU
		{C652F7D9-7136-4699-B329-A11B24F47A4E}.Release|Mixed Platforms.ActiveCfg = Release|Any CPU
		{C652F7D9-7136-4699-B329-A11B24F47A4E}.Release|Mixed Platforms.Build.0 = Release|Any CPU
		{C652F7D9-7136-4699-B329-A11B24F47A4E}.Release|x86.ActiveCfg = Release|Any CPU
		{06F0B648-8FE0-4D8D-9BBA-F0BB81CBE60B}.Debug|Any CPU.ActiveCfg = Debug|Any CPU
		{06F0B648-8FE0-4D8D-9BBA-F0BB81CBE60B}.Debug|Any CPU.Build.0 = Debug|Any CPU
		{06F0B648-8FE0-4D8D-9BBA-F0BB81CBE60B}.Debug|Mixed Platforms.ActiveCfg = Debug|Any CPU
		{06F0B648-8FE0-4D8D-9BBA-F0BB81CBE60B}.Debug|Mixed Platforms.Build.0 = Debug|Any CPU
		{06F0B648-8FE0-4D8D-9BBA-F0BB81CBE60B}.Debug|x86.ActiveCfg = Debug|Any CPU
		{06F0B648-8FE0-4D8D-9BBA-F0BB81CBE60B}.Release|Any CPU.ActiveCfg = Release|Any CPU
		{06F0B648-8FE0-4D8D-9BBA-F0BB81CBE60B}.Release|Any CPU.Build.0 = Release|Any CPU
		{06F0B648-8FE0-4D8D-9BBA-F0BB81CBE60B}.Release|Mixed Platforms.ActiveCfg = Release|Any CPU
		{06F0B648-8FE0-4D8D-9BBA-F0BB81CBE60B}.Release|Mixed Platforms.Build.0 = Release|Any CPU
		{06F0B648-8FE0-4D8D-9BBA-F0BB81CBE60B}.Release|x86.ActiveCfg = Release|Any CPU
		{F1232CAA-57A4-40E9-A87D-6A51F26D4463}.Debug|Any CPU.ActiveCfg = Debug|Any CPU
		{F1232CAA-57A4-40E9-A87D-6A51F26D4463}.Debug|Any CPU.Build.0 = Debug|Any CPU
		{F1232CAA-57A4-40E9-A87D-6A51F26D4463}.Debug|Mixed Platforms.ActiveCfg = Debug|Any CPU
		{F1232CAA-57A4-40E9-A87D-6A51F26D4463}.Debug|Mixed Platforms.Build.0 = Debug|Any CPU
		{F1232CAA-57A4-40E9-A87D-6A51F26D4463}.Debug|x86.ActiveCfg = Debug|Any CPU
		{F1232CAA-57A4-40E9-A87D-6A51F26D4463}.Release|Any CPU.ActiveCfg = Release|Any CPU
		{F1232CAA-57A4-40E9-A87D-6A51F26D4463}.Release|Any CPU.Build.0 = Release|Any CPU
		{F1232CAA-57A4-40E9-A87D-6A51F26D4463}.Release|Mixed Platforms.ActiveCfg = Release|Any CPU
		{F1232CAA-57A4-40E9-A87D-6A51F26D4463}.Release|Mixed Platforms.Build.0 = Release|Any CPU
		{F1232CAA-57A4-40E9-A87D-6A51F26D4463}.Release|x86.ActiveCfg = Release|Any CPU
		{5FB9A222-7AA1-4567-995E-B90027F39A8A}.Debug|Any CPU.ActiveCfg = Debug|Any CPU
		{5FB9A222-7AA1-4567-995E-B90027F39A8A}.Debug|Any CPU.Build.0 = Debug|Any CPU
		{5FB9A222-7AA1-4567-995E-B90027F39A8A}.Debug|Mixed Platforms.ActiveCfg = Debug|Any CPU
		{5FB9A222-7AA1-4567-995E-B90027F39A8A}.Debug|Mixed Platforms.Build.0 = Debug|Any CPU
		{5FB9A222-7AA1-4567-995E-B90027F39A8A}.Debug|x86.ActiveCfg = Debug|Any CPU
		{5FB9A222-7AA1-4567-995E-B90027F39A8A}.Release|Any CPU.ActiveCfg = Release|Any CPU
		{5FB9A222-7AA1-4567-995E-B90027F39A8A}.Release|Any CPU.Build.0 = Release|Any CPU
		{5FB9A222-7AA1-4567-995E-B90027F39A8A}.Release|Mixed Platforms.ActiveCfg = Release|Any CPU
		{5FB9A222-7AA1-4567-995E-B90027F39A8A}.Release|Mixed Platforms.Build.0 = Release|Any CPU
		{5FB9A222-7AA1-4567-995E-B90027F39A8A}.Release|x86.ActiveCfg = Release|Any CPU
		{8A6D374A-1AF2-4AA8-8C71-E91724E1D7B1}.Debug|Any CPU.ActiveCfg = Debug|Any CPU
		{8A6D374A-1AF2-4AA8-8C71-E91724E1D7B1}.Debug|Any CPU.Build.0 = Debug|Any CPU
		{8A6D374A-1AF2-4AA8-8C71-E91724E1D7B1}.Debug|Mixed Platforms.ActiveCfg = Debug|Any CPU
		{8A6D374A-1AF2-4AA8-8C71-E91724E1D7B1}.Debug|Mixed Platforms.Build.0 = Debug|Any CPU
		{8A6D374A-1AF2-4AA8-8C71-E91724E1D7B1}.Debug|x86.ActiveCfg = Debug|Any CPU
		{8A6D374A-1AF2-4AA8-8C71-E91724E1D7B1}.Release|Any CPU.ActiveCfg = Release|Any CPU
		{8A6D374A-1AF2-4AA8-8C71-E91724E1D7B1}.Release|Any CPU.Build.0 = Release|Any CPU
		{8A6D374A-1AF2-4AA8-8C71-E91724E1D7B1}.Release|Mixed Platforms.ActiveCfg = Release|Any CPU
		{8A6D374A-1AF2-4AA8-8C71-E91724E1D7B1}.Release|Mixed Platforms.Build.0 = Release|Any CPU
		{8A6D374A-1AF2-4AA8-8C71-E91724E1D7B1}.Release|x86.ActiveCfg = Release|Any CPU
		{12F38FDD-304F-409B-A1D8-8BD3AA955318}.Debug|Any CPU.ActiveCfg = Debug|Any CPU
		{12F38FDD-304F-409B-A1D8-8BD3AA955318}.Debug|Any CPU.Build.0 = Debug|Any CPU
		{12F38FDD-304F-409B-A1D8-8BD3AA955318}.Debug|Mixed Platforms.ActiveCfg = Debug|Any CPU
		{12F38FDD-304F-409B-A1D8-8BD3AA955318}.Debug|Mixed Platforms.Build.0 = Debug|Any CPU
		{12F38FDD-304F-409B-A1D8-8BD3AA955318}.Debug|x86.ActiveCfg = Debug|Any CPU
		{12F38FDD-304F-409B-A1D8-8BD3AA955318}.Release|Any CPU.ActiveCfg = Release|Any CPU
		{12F38FDD-304F-409B-A1D8-8BD3AA955318}.Release|Any CPU.Build.0 = Release|Any CPU
		{12F38FDD-304F-409B-A1D8-8BD3AA955318}.Release|Mixed Platforms.ActiveCfg = Release|Any CPU
		{12F38FDD-304F-409B-A1D8-8BD3AA955318}.Release|Mixed Platforms.Build.0 = Release|Any CPU
		{12F38FDD-304F-409B-A1D8-8BD3AA955318}.Release|x86.ActiveCfg = Release|Any CPU
		{2139D830-8918-4D28-914B-B05951B3D666}.Debug|Any CPU.ActiveCfg = Debug|Any CPU
		{2139D830-8918-4D28-914B-B05951B3D666}.Debug|Any CPU.Build.0 = Debug|Any CPU
		{2139D830-8918-4D28-914B-B05951B3D666}.Debug|Mixed Platforms.ActiveCfg = Debug|Any CPU
		{2139D830-8918-4D28-914B-B05951B3D666}.Debug|Mixed Platforms.Build.0 = Debug|Any CPU
		{2139D830-8918-4D28-914B-B05951B3D666}.Debug|x86.ActiveCfg = Debug|Any CPU
		{2139D830-8918-4D28-914B-B05951B3D666}.Release|Any CPU.ActiveCfg = Release|Any CPU
		{2139D830-8918-4D28-914B-B05951B3D666}.Release|Any CPU.Build.0 = Release|Any CPU
		{2139D830-8918-4D28-914B-B05951B3D666}.Release|Mixed Platforms.ActiveCfg = Release|Any CPU
		{2139D830-8918-4D28-914B-B05951B3D666}.Release|Mixed Platforms.Build.0 = Release|Any CPU
		{2139D830-8918-4D28-914B-B05951B3D666}.Release|x86.ActiveCfg = Release|Any CPU
		{7A795796-E69B-4780-987B-EF026F0AA136}.Debug|Any CPU.ActiveCfg = Debug|Any CPU
		{7A795796-E69B-4780-987B-EF026F0AA136}.Debug|Any CPU.Build.0 = Debug|Any CPU
		{7A795796-E69B-4780-987B-EF026F0AA136}.Debug|Mixed Platforms.ActiveCfg = Debug|Any CPU
		{7A795796-E69B-4780-987B-EF026F0AA136}.Debug|Mixed Platforms.Build.0 = Debug|Any CPU
		{7A795796-E69B-4780-987B-EF026F0AA136}.Debug|x86.ActiveCfg = Debug|Any CPU
		{7A795796-E69B-4780-987B-EF026F0AA136}.Release|Any CPU.ActiveCfg = Release|Any CPU
		{7A795796-E69B-4780-987B-EF026F0AA136}.Release|Any CPU.Build.0 = Release|Any CPU
		{7A795796-E69B-4780-987B-EF026F0AA136}.Release|Mixed Platforms.ActiveCfg = Release|Any CPU
		{7A795796-E69B-4780-987B-EF026F0AA136}.Release|Mixed Platforms.Build.0 = Release|Any CPU
		{7A795796-E69B-4780-987B-EF026F0AA136}.Release|x86.ActiveCfg = Release|Any CPU
		{D8743EFC-14B0-48B0-BD20-CB5330592ECF}.Debug|Any CPU.ActiveCfg = Debug|Any CPU
		{D8743EFC-14B0-48B0-BD20-CB5330592ECF}.Debug|Any CPU.Build.0 = Debug|Any CPU
		{D8743EFC-14B0-48B0-BD20-CB5330592ECF}.Debug|Mixed Platforms.ActiveCfg = Debug|Any CPU
		{D8743EFC-14B0-48B0-BD20-CB5330592ECF}.Debug|Mixed Platforms.Build.0 = Debug|Any CPU
		{D8743EFC-14B0-48B0-BD20-CB5330592ECF}.Debug|x86.ActiveCfg = Debug|Any CPU
		{D8743EFC-14B0-48B0-BD20-CB5330592ECF}.Release|Any CPU.ActiveCfg = Release|Any CPU
		{D8743EFC-14B0-48B0-BD20-CB5330592ECF}.Release|Any CPU.Build.0 = Release|Any CPU
		{D8743EFC-14B0-48B0-BD20-CB5330592ECF}.Release|Mixed Platforms.ActiveCfg = Release|Any CPU
		{D8743EFC-14B0-48B0-BD20-CB5330592ECF}.Release|Mixed Platforms.Build.0 = Release|Any CPU
		{D8743EFC-14B0-48B0-BD20-CB5330592ECF}.Release|x86.ActiveCfg = Release|Any CPU
		{71A64C58-7EA1-419F-9D45-F5C09B5388B1}.Debug|Any CPU.ActiveCfg = Debug|Any CPU
		{71A64C58-7EA1-419F-9D45-F5C09B5388B1}.Debug|Any CPU.Build.0 = Debug|Any CPU
		{71A64C58-7EA1-419F-9D45-F5C09B5388B1}.Debug|Mixed Platforms.ActiveCfg = Debug|Any CPU
		{71A64C58-7EA1-419F-9D45-F5C09B5388B1}.Debug|Mixed Platforms.Build.0 = Debug|Any CPU
		{71A64C58-7EA1-419F-9D45-F5C09B5388B1}.Debug|x86.ActiveCfg = Debug|Any CPU
		{71A64C58-7EA1-419F-9D45-F5C09B5388B1}.Release|Any CPU.ActiveCfg = Release|Any CPU
		{71A64C58-7EA1-419F-9D45-F5C09B5388B1}.Release|Any CPU.Build.0 = Release|Any CPU
		{71A64C58-7EA1-419F-9D45-F5C09B5388B1}.Release|Mixed Platforms.ActiveCfg = Release|Any CPU
		{71A64C58-7EA1-419F-9D45-F5C09B5388B1}.Release|Mixed Platforms.Build.0 = Release|Any CPU
		{71A64C58-7EA1-419F-9D45-F5C09B5388B1}.Release|x86.ActiveCfg = Release|Any CPU
		{3CEAB9B8-873B-4215-AF37-8DDAB50DC3C9}.Debug|Any CPU.ActiveCfg = Debug|Any CPU
		{3CEAB9B8-873B-4215-AF37-8DDAB50DC3C9}.Debug|Any CPU.Build.0 = Debug|Any CPU
		{3CEAB9B8-873B-4215-AF37-8DDAB50DC3C9}.Debug|Mixed Platforms.ActiveCfg = Debug|Any CPU
		{3CEAB9B8-873B-4215-AF37-8DDAB50DC3C9}.Debug|Mixed Platforms.Build.0 = Debug|Any CPU
		{3CEAB9B8-873B-4215-AF37-8DDAB50DC3C9}.Debug|x86.ActiveCfg = Debug|Any CPU
		{3CEAB9B8-873B-4215-AF37-8DDAB50DC3C9}.Release|Any CPU.ActiveCfg = Release|Any CPU
		{3CEAB9B8-873B-4215-AF37-8DDAB50DC3C9}.Release|Any CPU.Build.0 = Release|Any CPU
		{3CEAB9B8-873B-4215-AF37-8DDAB50DC3C9}.Release|Mixed Platforms.ActiveCfg = Release|Any CPU
		{3CEAB9B8-873B-4215-AF37-8DDAB50DC3C9}.Release|Mixed Platforms.Build.0 = Release|Any CPU
		{3CEAB9B8-873B-4215-AF37-8DDAB50DC3C9}.Release|x86.ActiveCfg = Release|Any CPU
		{438B6299-9570-454B-A24B-83B6B1081129}.Debug|Any CPU.ActiveCfg = Debug|Any CPU
		{438B6299-9570-454B-A24B-83B6B1081129}.Debug|Any CPU.Build.0 = Debug|Any CPU
		{438B6299-9570-454B-A24B-83B6B1081129}.Debug|Mixed Platforms.ActiveCfg = Debug|Any CPU
		{438B6299-9570-454B-A24B-83B6B1081129}.Debug|Mixed Platforms.Build.0 = Debug|Any CPU
		{438B6299-9570-454B-A24B-83B6B1081129}.Debug|x86.ActiveCfg = Debug|Any CPU
		{438B6299-9570-454B-A24B-83B6B1081129}.Release|Any CPU.ActiveCfg = Release|Any CPU
		{438B6299-9570-454B-A24B-83B6B1081129}.Release|Any CPU.Build.0 = Release|Any CPU
		{438B6299-9570-454B-A24B-83B6B1081129}.Release|Mixed Platforms.ActiveCfg = Release|Any CPU
		{438B6299-9570-454B-A24B-83B6B1081129}.Release|Mixed Platforms.Build.0 = Release|Any CPU
		{438B6299-9570-454B-A24B-83B6B1081129}.Release|x86.ActiveCfg = Release|Any CPU
		{D59FA7AD-67E5-459D-97D3-DD92689E43D5}.Debug|Any CPU.ActiveCfg = Debug|Any CPU
		{D59FA7AD-67E5-459D-97D3-DD92689E43D5}.Debug|Any CPU.Build.0 = Debug|Any CPU
		{D59FA7AD-67E5-459D-97D3-DD92689E43D5}.Debug|Mixed Platforms.ActiveCfg = Debug|Any CPU
		{D59FA7AD-67E5-459D-97D3-DD92689E43D5}.Debug|Mixed Platforms.Build.0 = Debug|Any CPU
		{D59FA7AD-67E5-459D-97D3-DD92689E43D5}.Debug|x86.ActiveCfg = Debug|Any CPU
		{D59FA7AD-67E5-459D-97D3-DD92689E43D5}.Release|Any CPU.ActiveCfg = Release|Any CPU
		{D59FA7AD-67E5-459D-97D3-DD92689E43D5}.Release|Any CPU.Build.0 = Release|Any CPU
		{D59FA7AD-67E5-459D-97D3-DD92689E43D5}.Release|Mixed Platforms.ActiveCfg = Release|Any CPU
		{D59FA7AD-67E5-459D-97D3-DD92689E43D5}.Release|Mixed Platforms.Build.0 = Release|Any CPU
		{D59FA7AD-67E5-459D-97D3-DD92689E43D5}.Release|x86.ActiveCfg = Release|Any CPU
		{0F4405D4-CE98-4BC9-9545-6BE60ECB3884}.Debug|Any CPU.ActiveCfg = Debug|Any CPU
		{0F4405D4-CE98-4BC9-9545-6BE60ECB3884}.Debug|Any CPU.Build.0 = Debug|Any CPU
		{0F4405D4-CE98-4BC9-9545-6BE60ECB3884}.Debug|Mixed Platforms.ActiveCfg = Debug|Any CPU
		{0F4405D4-CE98-4BC9-9545-6BE60ECB3884}.Debug|Mixed Platforms.Build.0 = Debug|Any CPU
		{0F4405D4-CE98-4BC9-9545-6BE60ECB3884}.Debug|x86.ActiveCfg = Debug|Any CPU
		{0F4405D4-CE98-4BC9-9545-6BE60ECB3884}.Release|Any CPU.ActiveCfg = Release|Any CPU
		{0F4405D4-CE98-4BC9-9545-6BE60ECB3884}.Release|Any CPU.Build.0 = Release|Any CPU
		{0F4405D4-CE98-4BC9-9545-6BE60ECB3884}.Release|Mixed Platforms.ActiveCfg = Release|Any CPU
		{0F4405D4-CE98-4BC9-9545-6BE60ECB3884}.Release|Mixed Platforms.Build.0 = Release|Any CPU
		{0F4405D4-CE98-4BC9-9545-6BE60ECB3884}.Release|x86.ActiveCfg = Release|Any CPU
		{FC590E71-6CB1-4597-A069-5D5CEB44E08B}.Debug|Any CPU.ActiveCfg = Debug|Any CPU
		{FC590E71-6CB1-4597-A069-5D5CEB44E08B}.Debug|Any CPU.Build.0 = Debug|Any CPU
		{FC590E71-6CB1-4597-A069-5D5CEB44E08B}.Debug|Mixed Platforms.ActiveCfg = Debug|Any CPU
		{FC590E71-6CB1-4597-A069-5D5CEB44E08B}.Debug|Mixed Platforms.Build.0 = Debug|Any CPU
		{FC590E71-6CB1-4597-A069-5D5CEB44E08B}.Debug|x86.ActiveCfg = Debug|Any CPU
		{FC590E71-6CB1-4597-A069-5D5CEB44E08B}.Release|Any CPU.ActiveCfg = Release|Any CPU
		{FC590E71-6CB1-4597-A069-5D5CEB44E08B}.Release|Any CPU.Build.0 = Release|Any CPU
		{FC590E71-6CB1-4597-A069-5D5CEB44E08B}.Release|Mixed Platforms.ActiveCfg = Release|Any CPU
		{FC590E71-6CB1-4597-A069-5D5CEB44E08B}.Release|Mixed Platforms.Build.0 = Release|Any CPU
		{FC590E71-6CB1-4597-A069-5D5CEB44E08B}.Release|x86.ActiveCfg = Release|Any CPU
		{7D5130DA-E897-4403-9758-B4B8AD895692}.Debug|Any CPU.ActiveCfg = Debug|x86
		{7D5130DA-E897-4403-9758-B4B8AD895692}.Debug|Mixed Platforms.ActiveCfg = Debug|x86
		{7D5130DA-E897-4403-9758-B4B8AD895692}.Debug|Mixed Platforms.Build.0 = Debug|x86
		{7D5130DA-E897-4403-9758-B4B8AD895692}.Debug|x86.ActiveCfg = Debug|x86
		{7D5130DA-E897-4403-9758-B4B8AD895692}.Debug|x86.Build.0 = Debug|x86
		{7D5130DA-E897-4403-9758-B4B8AD895692}.Release|Any CPU.ActiveCfg = Release|x86
		{7D5130DA-E897-4403-9758-B4B8AD895692}.Release|Mixed Platforms.ActiveCfg = Release|x86
		{7D5130DA-E897-4403-9758-B4B8AD895692}.Release|Mixed Platforms.Build.0 = Release|x86
		{7D5130DA-E897-4403-9758-B4B8AD895692}.Release|x86.ActiveCfg = Release|x86
		{7D5130DA-E897-4403-9758-B4B8AD895692}.Release|x86.Build.0 = Release|x86
		{0A8000BD-A860-4BD8-96F3-415A61EB5098}.Debug|Any CPU.ActiveCfg = Debug|Any CPU
		{0A8000BD-A860-4BD8-96F3-415A61EB5098}.Debug|Any CPU.Build.0 = Debug|Any CPU
		{0A8000BD-A860-4BD8-96F3-415A61EB5098}.Debug|Mixed Platforms.ActiveCfg = Debug|Any CPU
		{0A8000BD-A860-4BD8-96F3-415A61EB5098}.Debug|Mixed Platforms.Build.0 = Debug|Any CPU
		{0A8000BD-A860-4BD8-96F3-415A61EB5098}.Debug|x86.ActiveCfg = Debug|Any CPU
		{0A8000BD-A860-4BD8-96F3-415A61EB5098}.Release|Any CPU.ActiveCfg = Release|Any CPU
		{0A8000BD-A860-4BD8-96F3-415A61EB5098}.Release|Any CPU.Build.0 = Release|Any CPU
		{0A8000BD-A860-4BD8-96F3-415A61EB5098}.Release|Mixed Platforms.ActiveCfg = Release|Any CPU
		{0A8000BD-A860-4BD8-96F3-415A61EB5098}.Release|Mixed Platforms.Build.0 = Release|Any CPU
		{0A8000BD-A860-4BD8-96F3-415A61EB5098}.Release|x86.ActiveCfg = Release|Any CPU
		{9DBB3F9A-6FA0-4E5A-86BE-FBBD7B764039}.Debug|Any CPU.ActiveCfg = Debug|Any CPU
		{9DBB3F9A-6FA0-4E5A-86BE-FBBD7B764039}.Debug|Any CPU.Build.0 = Debug|Any CPU
		{9DBB3F9A-6FA0-4E5A-86BE-FBBD7B764039}.Debug|Mixed Platforms.ActiveCfg = Debug|Any CPU
		{9DBB3F9A-6FA0-4E5A-86BE-FBBD7B764039}.Debug|Mixed Platforms.Build.0 = Debug|Any CPU
		{9DBB3F9A-6FA0-4E5A-86BE-FBBD7B764039}.Debug|x86.ActiveCfg = Debug|Any CPU
		{9DBB3F9A-6FA0-4E5A-86BE-FBBD7B764039}.Release|Any CPU.ActiveCfg = Release|Any CPU
		{9DBB3F9A-6FA0-4E5A-86BE-FBBD7B764039}.Release|Any CPU.Build.0 = Release|Any CPU
		{9DBB3F9A-6FA0-4E5A-86BE-FBBD7B764039}.Release|Mixed Platforms.ActiveCfg = Release|Any CPU
		{9DBB3F9A-6FA0-4E5A-86BE-FBBD7B764039}.Release|Mixed Platforms.Build.0 = Release|Any CPU
		{9DBB3F9A-6FA0-4E5A-86BE-FBBD7B764039}.Release|x86.ActiveCfg = Release|Any CPU
		{A096FAAD-C5A4-4969-B7C3-6436F626F2C4}.Debug|Any CPU.ActiveCfg = Debug|Any CPU
		{A096FAAD-C5A4-4969-B7C3-6436F626F2C4}.Debug|Any CPU.Build.0 = Debug|Any CPU
		{A096FAAD-C5A4-4969-B7C3-6436F626F2C4}.Debug|Mixed Platforms.ActiveCfg = Debug|Any CPU
		{A096FAAD-C5A4-4969-B7C3-6436F626F2C4}.Debug|Mixed Platforms.Build.0 = Debug|Any CPU
		{A096FAAD-C5A4-4969-B7C3-6436F626F2C4}.Debug|x86.ActiveCfg = Debug|Any CPU
		{A096FAAD-C5A4-4969-B7C3-6436F626F2C4}.Release|Any CPU.ActiveCfg = Release|Any CPU
		{A096FAAD-C5A4-4969-B7C3-6436F626F2C4}.Release|Any CPU.Build.0 = Release|Any CPU
		{A096FAAD-C5A4-4969-B7C3-6436F626F2C4}.Release|Mixed Platforms.ActiveCfg = Release|Any CPU
		{A096FAAD-C5A4-4969-B7C3-6436F626F2C4}.Release|Mixed Platforms.Build.0 = Release|Any CPU
		{A096FAAD-C5A4-4969-B7C3-6436F626F2C4}.Release|x86.ActiveCfg = Release|Any CPU
		{C55644AA-829E-48F7-B14E-BC36D8C31626}.Debug|Any CPU.ActiveCfg = Debug|Any CPU
		{C55644AA-829E-48F7-B14E-BC36D8C31626}.Debug|Any CPU.Build.0 = Debug|Any CPU
		{C55644AA-829E-48F7-B14E-BC36D8C31626}.Debug|Mixed Platforms.ActiveCfg = Debug|Any CPU
		{C55644AA-829E-48F7-B14E-BC36D8C31626}.Debug|Mixed Platforms.Build.0 = Debug|Any CPU
		{C55644AA-829E-48F7-B14E-BC36D8C31626}.Debug|x86.ActiveCfg = Debug|Any CPU
		{C55644AA-829E-48F7-B14E-BC36D8C31626}.Release|Any CPU.ActiveCfg = Release|Any CPU
		{C55644AA-829E-48F7-B14E-BC36D8C31626}.Release|Any CPU.Build.0 = Release|Any CPU
		{C55644AA-829E-48F7-B14E-BC36D8C31626}.Release|Mixed Platforms.ActiveCfg = Release|Any CPU
		{C55644AA-829E-48F7-B14E-BC36D8C31626}.Release|Mixed Platforms.Build.0 = Release|Any CPU
		{C55644AA-829E-48F7-B14E-BC36D8C31626}.Release|x86.ActiveCfg = Release|Any CPU
		{8ABCE18E-100C-4714-8D8D-55D95ADBED94}.Debug|Any CPU.ActiveCfg = Debug|Any CPU
		{8ABCE18E-100C-4714-8D8D-55D95ADBED94}.Debug|Any CPU.Build.0 = Debug|Any CPU
		{8ABCE18E-100C-4714-8D8D-55D95ADBED94}.Debug|Mixed Platforms.ActiveCfg = Debug|Any CPU
		{8ABCE18E-100C-4714-8D8D-55D95ADBED94}.Debug|Mixed Platforms.Build.0 = Debug|Any CPU
		{8ABCE18E-100C-4714-8D8D-55D95ADBED94}.Debug|x86.ActiveCfg = Debug|Any CPU
		{8ABCE18E-100C-4714-8D8D-55D95ADBED94}.Release|Any CPU.ActiveCfg = Release|Any CPU
		{8ABCE18E-100C-4714-8D8D-55D95ADBED94}.Release|Any CPU.Build.0 = Release|Any CPU
		{8ABCE18E-100C-4714-8D8D-55D95ADBED94}.Release|Mixed Platforms.ActiveCfg = Release|Any CPU
		{8ABCE18E-100C-4714-8D8D-55D95ADBED94}.Release|Mixed Platforms.Build.0 = Release|Any CPU
		{8ABCE18E-100C-4714-8D8D-55D95ADBED94}.Release|x86.ActiveCfg = Release|Any CPU
		{AEBB5146-BE2B-4752-B265-004D07D89DAC}.Debug|Any CPU.ActiveCfg = Debug|Any CPU
		{AEBB5146-BE2B-4752-B265-004D07D89DAC}.Debug|Any CPU.Build.0 = Debug|Any CPU
		{AEBB5146-BE2B-4752-B265-004D07D89DAC}.Debug|Mixed Platforms.ActiveCfg = Debug|Any CPU
		{AEBB5146-BE2B-4752-B265-004D07D89DAC}.Debug|Mixed Platforms.Build.0 = Debug|Any CPU
		{AEBB5146-BE2B-4752-B265-004D07D89DAC}.Debug|x86.ActiveCfg = Debug|Any CPU
		{AEBB5146-BE2B-4752-B265-004D07D89DAC}.Release|Any CPU.ActiveCfg = Release|Any CPU
		{AEBB5146-BE2B-4752-B265-004D07D89DAC}.Release|Any CPU.Build.0 = Release|Any CPU
		{AEBB5146-BE2B-4752-B265-004D07D89DAC}.Release|Mixed Platforms.ActiveCfg = Release|Any CPU
		{AEBB5146-BE2B-4752-B265-004D07D89DAC}.Release|Mixed Platforms.Build.0 = Release|Any CPU
		{AEBB5146-BE2B-4752-B265-004D07D89DAC}.Release|x86.ActiveCfg = Release|Any CPU
		{7B1A5627-CB37-433F-AED4-AF0738EC0249}.Debug|Any CPU.ActiveCfg = Debug|Any CPU
		{7B1A5627-CB37-433F-AED4-AF0738EC0249}.Debug|Any CPU.Build.0 = Debug|Any CPU
		{7B1A5627-CB37-433F-AED4-AF0738EC0249}.Debug|Mixed Platforms.ActiveCfg = Debug|Any CPU
		{7B1A5627-CB37-433F-AED4-AF0738EC0249}.Debug|Mixed Platforms.Build.0 = Debug|Any CPU
		{7B1A5627-CB37-433F-AED4-AF0738EC0249}.Debug|x86.ActiveCfg = Debug|Any CPU
		{7B1A5627-CB37-433F-AED4-AF0738EC0249}.Release|Any CPU.ActiveCfg = Release|Any CPU
		{7B1A5627-CB37-433F-AED4-AF0738EC0249}.Release|Any CPU.Build.0 = Release|Any CPU
		{7B1A5627-CB37-433F-AED4-AF0738EC0249}.Release|Mixed Platforms.ActiveCfg = Release|Any CPU
		{7B1A5627-CB37-433F-AED4-AF0738EC0249}.Release|Mixed Platforms.Build.0 = Release|Any CPU
		{7B1A5627-CB37-433F-AED4-AF0738EC0249}.Release|x86.ActiveCfg = Release|Any CPU
		{F3E04C83-68B1-478A-9C14-D29885FD4806}.Debug|Any CPU.ActiveCfg = Debug|Any CPU
		{F3E04C83-68B1-478A-9C14-D29885FD4806}.Debug|Any CPU.Build.0 = Debug|Any CPU
		{F3E04C83-68B1-478A-9C14-D29885FD4806}.Debug|Mixed Platforms.ActiveCfg = Debug|Any CPU
		{F3E04C83-68B1-478A-9C14-D29885FD4806}.Debug|Mixed Platforms.Build.0 = Debug|Any CPU
		{F3E04C83-68B1-478A-9C14-D29885FD4806}.Debug|x86.ActiveCfg = Debug|Any CPU
		{F3E04C83-68B1-478A-9C14-D29885FD4806}.Release|Any CPU.ActiveCfg = Release|Any CPU
		{F3E04C83-68B1-478A-9C14-D29885FD4806}.Release|Any CPU.Build.0 = Release|Any CPU
		{F3E04C83-68B1-478A-9C14-D29885FD4806}.Release|Mixed Platforms.ActiveCfg = Release|Any CPU
		{F3E04C83-68B1-478A-9C14-D29885FD4806}.Release|Mixed Platforms.Build.0 = Release|Any CPU
		{F3E04C83-68B1-478A-9C14-D29885FD4806}.Release|x86.ActiveCfg = Release|Any CPU
		{191CC936-5752-4597-9431-BB81F2B61E94}.Debug|Any CPU.ActiveCfg = Debug|Any CPU
		{191CC936-5752-4597-9431-BB81F2B61E94}.Debug|Any CPU.Build.0 = Debug|Any CPU
		{191CC936-5752-4597-9431-BB81F2B61E94}.Debug|Mixed Platforms.ActiveCfg = Debug|Any CPU
		{191CC936-5752-4597-9431-BB81F2B61E94}.Debug|Mixed Platforms.Build.0 = Debug|Any CPU
		{191CC936-5752-4597-9431-BB81F2B61E94}.Debug|x86.ActiveCfg = Debug|Any CPU
		{191CC936-5752-4597-9431-BB81F2B61E94}.Release|Any CPU.ActiveCfg = Release|Any CPU
		{191CC936-5752-4597-9431-BB81F2B61E94}.Release|Any CPU.Build.0 = Release|Any CPU
		{191CC936-5752-4597-9431-BB81F2B61E94}.Release|Mixed Platforms.ActiveCfg = Release|Any CPU
		{191CC936-5752-4597-9431-BB81F2B61E94}.Release|Mixed Platforms.Build.0 = Release|Any CPU
		{191CC936-5752-4597-9431-BB81F2B61E94}.Release|x86.ActiveCfg = Release|Any CPU
		{2873E46E-0FDA-452F-8DA8-4C48B6836DCA}.Debug|Any CPU.ActiveCfg = Debug|Any CPU
		{2873E46E-0FDA-452F-8DA8-4C48B6836DCA}.Debug|Any CPU.Build.0 = Debug|Any CPU
		{2873E46E-0FDA-452F-8DA8-4C48B6836DCA}.Debug|Mixed Platforms.ActiveCfg = Debug|Any CPU
		{2873E46E-0FDA-452F-8DA8-4C48B6836DCA}.Debug|Mixed Platforms.Build.0 = Debug|Any CPU
		{2873E46E-0FDA-452F-8DA8-4C48B6836DCA}.Debug|x86.ActiveCfg = Debug|Any CPU
		{2873E46E-0FDA-452F-8DA8-4C48B6836DCA}.Release|Any CPU.ActiveCfg = Release|Any CPU
		{2873E46E-0FDA-452F-8DA8-4C48B6836DCA}.Release|Any CPU.Build.0 = Release|Any CPU
		{2873E46E-0FDA-452F-8DA8-4C48B6836DCA}.Release|Mixed Platforms.ActiveCfg = Release|Any CPU
		{2873E46E-0FDA-452F-8DA8-4C48B6836DCA}.Release|Mixed Platforms.Build.0 = Release|Any CPU
		{2873E46E-0FDA-452F-8DA8-4C48B6836DCA}.Release|x86.ActiveCfg = Release|Any CPU
		{8E4A9029-C24C-4F8A-8E90-E8D89DDD4519}.Debug|Any CPU.ActiveCfg = Debug|Any CPU
		{8E4A9029-C24C-4F8A-8E90-E8D89DDD4519}.Debug|Any CPU.Build.0 = Debug|Any CPU
		{8E4A9029-C24C-4F8A-8E90-E8D89DDD4519}.Debug|Mixed Platforms.ActiveCfg = Debug|Any CPU
		{8E4A9029-C24C-4F8A-8E90-E8D89DDD4519}.Debug|Mixed Platforms.Build.0 = Debug|Any CPU
		{8E4A9029-C24C-4F8A-8E90-E8D89DDD4519}.Debug|x86.ActiveCfg = Debug|Any CPU
		{8E4A9029-C24C-4F8A-8E90-E8D89DDD4519}.Release|Any CPU.ActiveCfg = Release|Any CPU
		{8E4A9029-C24C-4F8A-8E90-E8D89DDD4519}.Release|Any CPU.Build.0 = Release|Any CPU
		{8E4A9029-C24C-4F8A-8E90-E8D89DDD4519}.Release|Mixed Platforms.ActiveCfg = Release|Any CPU
		{8E4A9029-C24C-4F8A-8E90-E8D89DDD4519}.Release|Mixed Platforms.Build.0 = Release|Any CPU
		{8E4A9029-C24C-4F8A-8E90-E8D89DDD4519}.Release|x86.ActiveCfg = Release|Any CPU
		{6FC20914-1D9F-4824-8F8B-22C183AAD524}.Debug|Any CPU.ActiveCfg = Debug|Any CPU
		{6FC20914-1D9F-4824-8F8B-22C183AAD524}.Debug|Any CPU.Build.0 = Debug|Any CPU
		{6FC20914-1D9F-4824-8F8B-22C183AAD524}.Debug|Mixed Platforms.ActiveCfg = Debug|Any CPU
		{6FC20914-1D9F-4824-8F8B-22C183AAD524}.Debug|Mixed Platforms.Build.0 = Debug|Any CPU
		{6FC20914-1D9F-4824-8F8B-22C183AAD524}.Debug|x86.ActiveCfg = Debug|Any CPU
		{6FC20914-1D9F-4824-8F8B-22C183AAD524}.Release|Any CPU.ActiveCfg = Release|Any CPU
		{6FC20914-1D9F-4824-8F8B-22C183AAD524}.Release|Any CPU.Build.0 = Release|Any CPU
		{6FC20914-1D9F-4824-8F8B-22C183AAD524}.Release|Mixed Platforms.ActiveCfg = Release|Any CPU
		{6FC20914-1D9F-4824-8F8B-22C183AAD524}.Release|Mixed Platforms.Build.0 = Release|Any CPU
		{6FC20914-1D9F-4824-8F8B-22C183AAD524}.Release|x86.ActiveCfg = Release|Any CPU
		{5FA84E58-020E-4499-9E55-2A47134ADF53}.Debug|Any CPU.ActiveCfg = Debug|Any CPU
		{5FA84E58-020E-4499-9E55-2A47134ADF53}.Debug|Any CPU.Build.0 = Debug|Any CPU
		{5FA84E58-020E-4499-9E55-2A47134ADF53}.Debug|Mixed Platforms.ActiveCfg = Debug|Any CPU
		{5FA84E58-020E-4499-9E55-2A47134ADF53}.Debug|Mixed Platforms.Build.0 = Debug|Any CPU
		{5FA84E58-020E-4499-9E55-2A47134ADF53}.Debug|x86.ActiveCfg = Debug|Any CPU
		{5FA84E58-020E-4499-9E55-2A47134ADF53}.Release|Any CPU.ActiveCfg = Release|Any CPU
		{5FA84E58-020E-4499-9E55-2A47134ADF53}.Release|Any CPU.Build.0 = Release|Any CPU
		{5FA84E58-020E-4499-9E55-2A47134ADF53}.Release|Mixed Platforms.ActiveCfg = Release|Any CPU
		{5FA84E58-020E-4499-9E55-2A47134ADF53}.Release|Mixed Platforms.Build.0 = Release|Any CPU
		{5FA84E58-020E-4499-9E55-2A47134ADF53}.Release|x86.ActiveCfg = Release|Any CPU
		{E0805968-1AAD-4208-81AE-FC5BE4B1370C}.Debug|Any CPU.ActiveCfg = Debug|Any CPU
		{E0805968-1AAD-4208-81AE-FC5BE4B1370C}.Debug|Any CPU.Build.0 = Debug|Any CPU
		{E0805968-1AAD-4208-81AE-FC5BE4B1370C}.Debug|Mixed Platforms.ActiveCfg = Debug|Any CPU
		{E0805968-1AAD-4208-81AE-FC5BE4B1370C}.Debug|Mixed Platforms.Build.0 = Debug|Any CPU
		{E0805968-1AAD-4208-81AE-FC5BE4B1370C}.Debug|x86.ActiveCfg = Debug|Any CPU
		{E0805968-1AAD-4208-81AE-FC5BE4B1370C}.Release|Any CPU.ActiveCfg = Release|Any CPU
		{E0805968-1AAD-4208-81AE-FC5BE4B1370C}.Release|Any CPU.Build.0 = Release|Any CPU
		{E0805968-1AAD-4208-81AE-FC5BE4B1370C}.Release|Mixed Platforms.ActiveCfg = Release|Any CPU
		{E0805968-1AAD-4208-81AE-FC5BE4B1370C}.Release|Mixed Platforms.Build.0 = Release|Any CPU
		{E0805968-1AAD-4208-81AE-FC5BE4B1370C}.Release|x86.ActiveCfg = Release|Any CPU
		{D236A58B-D6D5-4092-9CBF-B9F6E3A2A040}.Debug|Any CPU.ActiveCfg = Debug|Any CPU
		{D236A58B-D6D5-4092-9CBF-B9F6E3A2A040}.Debug|Any CPU.Build.0 = Debug|Any CPU
		{D236A58B-D6D5-4092-9CBF-B9F6E3A2A040}.Debug|Mixed Platforms.ActiveCfg = Debug|Any CPU
		{D236A58B-D6D5-4092-9CBF-B9F6E3A2A040}.Debug|Mixed Platforms.Build.0 = Debug|Any CPU
		{D236A58B-D6D5-4092-9CBF-B9F6E3A2A040}.Debug|x86.ActiveCfg = Debug|Any CPU
		{D236A58B-D6D5-4092-9CBF-B9F6E3A2A040}.Release|Any CPU.ActiveCfg = Release|Any CPU
		{D236A58B-D6D5-4092-9CBF-B9F6E3A2A040}.Release|Any CPU.Build.0 = Release|Any CPU
		{D236A58B-D6D5-4092-9CBF-B9F6E3A2A040}.Release|Mixed Platforms.ActiveCfg = Release|Any CPU
		{D236A58B-D6D5-4092-9CBF-B9F6E3A2A040}.Release|Mixed Platforms.Build.0 = Release|Any CPU
		{D236A58B-D6D5-4092-9CBF-B9F6E3A2A040}.Release|x86.ActiveCfg = Release|Any CPU
		{A8CEFCFE-89DA-4B55-9246-F2B5E00DA619}.Debug|Any CPU.ActiveCfg = Debug|Any CPU
		{A8CEFCFE-89DA-4B55-9246-F2B5E00DA619}.Debug|Any CPU.Build.0 = Debug|Any CPU
		{A8CEFCFE-89DA-4B55-9246-F2B5E00DA619}.Debug|Mixed Platforms.ActiveCfg = Debug|Any CPU
		{A8CEFCFE-89DA-4B55-9246-F2B5E00DA619}.Debug|Mixed Platforms.Build.0 = Debug|Any CPU
		{A8CEFCFE-89DA-4B55-9246-F2B5E00DA619}.Debug|x86.ActiveCfg = Debug|Any CPU
		{A8CEFCFE-89DA-4B55-9246-F2B5E00DA619}.Release|Any CPU.ActiveCfg = Release|Any CPU
		{A8CEFCFE-89DA-4B55-9246-F2B5E00DA619}.Release|Any CPU.Build.0 = Release|Any CPU
		{A8CEFCFE-89DA-4B55-9246-F2B5E00DA619}.Release|Mixed Platforms.ActiveCfg = Release|Any CPU
		{A8CEFCFE-89DA-4B55-9246-F2B5E00DA619}.Release|Mixed Platforms.Build.0 = Release|Any CPU
		{A8CEFCFE-89DA-4B55-9246-F2B5E00DA619}.Release|x86.ActiveCfg = Release|Any CPU
		{A239DAC6-08F2-4B72-B43E-9E375B2761C7}.Debug|Any CPU.ActiveCfg = Debug|Any CPU
		{A239DAC6-08F2-4B72-B43E-9E375B2761C7}.Debug|Any CPU.Build.0 = Debug|Any CPU
		{A239DAC6-08F2-4B72-B43E-9E375B2761C7}.Debug|Mixed Platforms.ActiveCfg = Debug|Any CPU
		{A239DAC6-08F2-4B72-B43E-9E375B2761C7}.Debug|Mixed Platforms.Build.0 = Debug|Any CPU
		{A239DAC6-08F2-4B72-B43E-9E375B2761C7}.Debug|x86.ActiveCfg = Debug|Any CPU
		{A239DAC6-08F2-4B72-B43E-9E375B2761C7}.Release|Any CPU.ActiveCfg = Release|Any CPU
		{A239DAC6-08F2-4B72-B43E-9E375B2761C7}.Release|Any CPU.Build.0 = Release|Any CPU
		{A239DAC6-08F2-4B72-B43E-9E375B2761C7}.Release|Mixed Platforms.ActiveCfg = Release|Any CPU
		{A239DAC6-08F2-4B72-B43E-9E375B2761C7}.Release|Mixed Platforms.Build.0 = Release|Any CPU
		{A239DAC6-08F2-4B72-B43E-9E375B2761C7}.Release|x86.ActiveCfg = Release|Any CPU
		{47DE90EB-79F5-4ED6-BCA8-84F5B266DF4C}.Debug|Any CPU.ActiveCfg = Debug|Any CPU
		{47DE90EB-79F5-4ED6-BCA8-84F5B266DF4C}.Debug|Any CPU.Build.0 = Debug|Any CPU
		{47DE90EB-79F5-4ED6-BCA8-84F5B266DF4C}.Debug|Mixed Platforms.ActiveCfg = Debug|Any CPU
		{47DE90EB-79F5-4ED6-BCA8-84F5B266DF4C}.Debug|Mixed Platforms.Build.0 = Debug|Any CPU
		{47DE90EB-79F5-4ED6-BCA8-84F5B266DF4C}.Debug|x86.ActiveCfg = Debug|Any CPU
		{47DE90EB-79F5-4ED6-BCA8-84F5B266DF4C}.Release|Any CPU.ActiveCfg = Release|Any CPU
		{47DE90EB-79F5-4ED6-BCA8-84F5B266DF4C}.Release|Any CPU.Build.0 = Release|Any CPU
		{47DE90EB-79F5-4ED6-BCA8-84F5B266DF4C}.Release|Mixed Platforms.ActiveCfg = Release|Any CPU
		{47DE90EB-79F5-4ED6-BCA8-84F5B266DF4C}.Release|Mixed Platforms.Build.0 = Release|Any CPU
		{47DE90EB-79F5-4ED6-BCA8-84F5B266DF4C}.Release|x86.ActiveCfg = Release|Any CPU
		{4FD30A72-CA07-4223-A4DE-66E0A492E8EC}.Debug|Any CPU.ActiveCfg = Debug|Any CPU
		{4FD30A72-CA07-4223-A4DE-66E0A492E8EC}.Debug|Any CPU.Build.0 = Debug|Any CPU
		{4FD30A72-CA07-4223-A4DE-66E0A492E8EC}.Debug|Mixed Platforms.ActiveCfg = Debug|Any CPU
		{4FD30A72-CA07-4223-A4DE-66E0A492E8EC}.Debug|Mixed Platforms.Build.0 = Debug|Any CPU
		{4FD30A72-CA07-4223-A4DE-66E0A492E8EC}.Debug|x86.ActiveCfg = Debug|Any CPU
		{4FD30A72-CA07-4223-A4DE-66E0A492E8EC}.Release|Any CPU.ActiveCfg = Release|Any CPU
		{4FD30A72-CA07-4223-A4DE-66E0A492E8EC}.Release|Any CPU.Build.0 = Release|Any CPU
		{4FD30A72-CA07-4223-A4DE-66E0A492E8EC}.Release|Mixed Platforms.ActiveCfg = Release|Any CPU
		{4FD30A72-CA07-4223-A4DE-66E0A492E8EC}.Release|Mixed Platforms.Build.0 = Release|Any CPU
		{4FD30A72-CA07-4223-A4DE-66E0A492E8EC}.Release|x86.ActiveCfg = Release|Any CPU
		{818057F3-4191-4393-8E29-43431E5C2EBD}.Debug|Any CPU.ActiveCfg = Debug|Any CPU
		{818057F3-4191-4393-8E29-43431E5C2EBD}.Debug|Any CPU.Build.0 = Debug|Any CPU
		{818057F3-4191-4393-8E29-43431E5C2EBD}.Debug|Mixed Platforms.ActiveCfg = Debug|Any CPU
		{818057F3-4191-4393-8E29-43431E5C2EBD}.Debug|Mixed Platforms.Build.0 = Debug|Any CPU
		{818057F3-4191-4393-8E29-43431E5C2EBD}.Debug|x86.ActiveCfg = Debug|Any CPU
		{818057F3-4191-4393-8E29-43431E5C2EBD}.Release|Any CPU.ActiveCfg = Release|Any CPU
		{818057F3-4191-4393-8E29-43431E5C2EBD}.Release|Any CPU.Build.0 = Release|Any CPU
		{818057F3-4191-4393-8E29-43431E5C2EBD}.Release|Mixed Platforms.ActiveCfg = Release|Any CPU
		{818057F3-4191-4393-8E29-43431E5C2EBD}.Release|Mixed Platforms.Build.0 = Release|Any CPU
		{818057F3-4191-4393-8E29-43431E5C2EBD}.Release|x86.ActiveCfg = Release|Any CPU
		{E1C6A652-88EC-4E4A-B42A-D5F383CB33BD}.Debug|Any CPU.ActiveCfg = Debug|Any CPU
		{E1C6A652-88EC-4E4A-B42A-D5F383CB33BD}.Debug|Any CPU.Build.0 = Debug|Any CPU
		{E1C6A652-88EC-4E4A-B42A-D5F383CB33BD}.Debug|Mixed Platforms.ActiveCfg = Debug|Any CPU
		{E1C6A652-88EC-4E4A-B42A-D5F383CB33BD}.Debug|Mixed Platforms.Build.0 = Debug|Any CPU
		{E1C6A652-88EC-4E4A-B42A-D5F383CB33BD}.Debug|x86.ActiveCfg = Debug|Any CPU
		{E1C6A652-88EC-4E4A-B42A-D5F383CB33BD}.Release|Any CPU.ActiveCfg = Release|Any CPU
		{E1C6A652-88EC-4E4A-B42A-D5F383CB33BD}.Release|Any CPU.Build.0 = Release|Any CPU
		{E1C6A652-88EC-4E4A-B42A-D5F383CB33BD}.Release|Mixed Platforms.ActiveCfg = Release|Any CPU
		{E1C6A652-88EC-4E4A-B42A-D5F383CB33BD}.Release|Mixed Platforms.Build.0 = Release|Any CPU
		{E1C6A652-88EC-4E4A-B42A-D5F383CB33BD}.Release|x86.ActiveCfg = Release|Any CPU
		{F200803E-EF75-463E-9855-C47228D1D659}.Debug|Any CPU.ActiveCfg = Debug|Any CPU
		{F200803E-EF75-463E-9855-C47228D1D659}.Debug|Any CPU.Build.0 = Debug|Any CPU
		{F200803E-EF75-463E-9855-C47228D1D659}.Debug|Mixed Platforms.ActiveCfg = Debug|Any CPU
		{F200803E-EF75-463E-9855-C47228D1D659}.Debug|Mixed Platforms.Build.0 = Debug|Any CPU
		{F200803E-EF75-463E-9855-C47228D1D659}.Debug|x86.ActiveCfg = Debug|Any CPU
		{F200803E-EF75-463E-9855-C47228D1D659}.Release|Any CPU.ActiveCfg = Release|Any CPU
		{F200803E-EF75-463E-9855-C47228D1D659}.Release|Any CPU.Build.0 = Release|Any CPU
		{F200803E-EF75-463E-9855-C47228D1D659}.Release|Mixed Platforms.ActiveCfg = Release|Any CPU
		{F200803E-EF75-463E-9855-C47228D1D659}.Release|Mixed Platforms.Build.0 = Release|Any CPU
		{F200803E-EF75-463E-9855-C47228D1D659}.Release|x86.ActiveCfg = Release|Any CPU
		{500C79FB-CFEB-45DB-BE5A-7D4FA0B62F7D}.Debug|Any CPU.ActiveCfg = Debug|Any CPU
		{500C79FB-CFEB-45DB-BE5A-7D4FA0B62F7D}.Debug|Any CPU.Build.0 = Debug|Any CPU
		{500C79FB-CFEB-45DB-BE5A-7D4FA0B62F7D}.Debug|Mixed Platforms.ActiveCfg = Debug|Any CPU
		{500C79FB-CFEB-45DB-BE5A-7D4FA0B62F7D}.Debug|Mixed Platforms.Build.0 = Debug|Any CPU
		{500C79FB-CFEB-45DB-BE5A-7D4FA0B62F7D}.Debug|x86.ActiveCfg = Debug|Any CPU
		{500C79FB-CFEB-45DB-BE5A-7D4FA0B62F7D}.Release|Any CPU.ActiveCfg = Release|Any CPU
		{500C79FB-CFEB-45DB-BE5A-7D4FA0B62F7D}.Release|Any CPU.Build.0 = Release|Any CPU
		{500C79FB-CFEB-45DB-BE5A-7D4FA0B62F7D}.Release|Mixed Platforms.ActiveCfg = Release|Any CPU
		{500C79FB-CFEB-45DB-BE5A-7D4FA0B62F7D}.Release|Mixed Platforms.Build.0 = Release|Any CPU
		{500C79FB-CFEB-45DB-BE5A-7D4FA0B62F7D}.Release|x86.ActiveCfg = Release|Any CPU
		{ABFDAD9D-F794-400E-915C-A76143EA4CEC}.Debug|Any CPU.ActiveCfg = Debug|Any CPU
		{ABFDAD9D-F794-400E-915C-A76143EA4CEC}.Debug|Any CPU.Build.0 = Debug|Any CPU
		{ABFDAD9D-F794-400E-915C-A76143EA4CEC}.Debug|Mixed Platforms.ActiveCfg = Debug|Any CPU
		{ABFDAD9D-F794-400E-915C-A76143EA4CEC}.Debug|Mixed Platforms.Build.0 = Debug|Any CPU
		{ABFDAD9D-F794-400E-915C-A76143EA4CEC}.Debug|x86.ActiveCfg = Debug|Any CPU
		{ABFDAD9D-F794-400E-915C-A76143EA4CEC}.Release|Any CPU.ActiveCfg = Release|Any CPU
		{ABFDAD9D-F794-400E-915C-A76143EA4CEC}.Release|Any CPU.Build.0 = Release|Any CPU
		{ABFDAD9D-F794-400E-915C-A76143EA4CEC}.Release|Mixed Platforms.ActiveCfg = Release|Any CPU
		{ABFDAD9D-F794-400E-915C-A76143EA4CEC}.Release|Mixed Platforms.Build.0 = Release|Any CPU
		{ABFDAD9D-F794-400E-915C-A76143EA4CEC}.Release|x86.ActiveCfg = Release|Any CPU
		{B8788CC3-AB50-4756-859B-B97613BFF720}.Debug|Any CPU.ActiveCfg = Debug|Any CPU
		{B8788CC3-AB50-4756-859B-B97613BFF720}.Debug|Any CPU.Build.0 = Debug|Any CPU
		{B8788CC3-AB50-4756-859B-B97613BFF720}.Debug|Mixed Platforms.ActiveCfg = Debug|Any CPU
		{B8788CC3-AB50-4756-859B-B97613BFF720}.Debug|Mixed Platforms.Build.0 = Debug|Any CPU
		{B8788CC3-AB50-4756-859B-B97613BFF720}.Debug|x86.ActiveCfg = Debug|Any CPU
		{B8788CC3-AB50-4756-859B-B97613BFF720}.Release|Any CPU.ActiveCfg = Release|Any CPU
		{B8788CC3-AB50-4756-859B-B97613BFF720}.Release|Any CPU.Build.0 = Release|Any CPU
		{B8788CC3-AB50-4756-859B-B97613BFF720}.Release|Mixed Platforms.ActiveCfg = Release|Any CPU
		{B8788CC3-AB50-4756-859B-B97613BFF720}.Release|Mixed Platforms.Build.0 = Release|Any CPU
		{B8788CC3-AB50-4756-859B-B97613BFF720}.Release|x86.ActiveCfg = Release|Any CPU
		{EEFFB28E-9876-42DB-8C41-4B5E0EF5D72B}.Debug|Any CPU.ActiveCfg = Debug|Any CPU
		{EEFFB28E-9876-42DB-8C41-4B5E0EF5D72B}.Debug|Any CPU.Build.0 = Debug|Any CPU
		{EEFFB28E-9876-42DB-8C41-4B5E0EF5D72B}.Debug|Mixed Platforms.ActiveCfg = Debug|Any CPU
		{EEFFB28E-9876-42DB-8C41-4B5E0EF5D72B}.Debug|Mixed Platforms.Build.0 = Debug|Any CPU
		{EEFFB28E-9876-42DB-8C41-4B5E0EF5D72B}.Debug|x86.ActiveCfg = Debug|Any CPU
		{EEFFB28E-9876-42DB-8C41-4B5E0EF5D72B}.Release|Any CPU.ActiveCfg = Release|Any CPU
		{EEFFB28E-9876-42DB-8C41-4B5E0EF5D72B}.Release|Any CPU.Build.0 = Release|Any CPU
		{EEFFB28E-9876-42DB-8C41-4B5E0EF5D72B}.Release|Mixed Platforms.ActiveCfg = Release|Any CPU
		{EEFFB28E-9876-42DB-8C41-4B5E0EF5D72B}.Release|Mixed Platforms.Build.0 = Release|Any CPU
		{EEFFB28E-9876-42DB-8C41-4B5E0EF5D72B}.Release|x86.ActiveCfg = Release|Any CPU
		{305F7424-BD86-42B7-9921-452A9E154B0D}.Debug|Any CPU.ActiveCfg = Debug|Any CPU
		{305F7424-BD86-42B7-9921-452A9E154B0D}.Debug|Any CPU.Build.0 = Debug|Any CPU
		{305F7424-BD86-42B7-9921-452A9E154B0D}.Debug|Mixed Platforms.ActiveCfg = Debug|Any CPU
		{305F7424-BD86-42B7-9921-452A9E154B0D}.Debug|Mixed Platforms.Build.0 = Debug|Any CPU
		{305F7424-BD86-42B7-9921-452A9E154B0D}.Debug|x86.ActiveCfg = Debug|Any CPU
		{305F7424-BD86-42B7-9921-452A9E154B0D}.Release|Any CPU.ActiveCfg = Release|Any CPU
		{305F7424-BD86-42B7-9921-452A9E154B0D}.Release|Any CPU.Build.0 = Release|Any CPU
		{305F7424-BD86-42B7-9921-452A9E154B0D}.Release|Mixed Platforms.ActiveCfg = Release|Any CPU
		{305F7424-BD86-42B7-9921-452A9E154B0D}.Release|Mixed Platforms.Build.0 = Release|Any CPU
		{305F7424-BD86-42B7-9921-452A9E154B0D}.Release|x86.ActiveCfg = Release|Any CPU
		{0DCB14BD-084E-4CDD-951B-4667732CAD29}.Debug|Any CPU.ActiveCfg = Debug|Any CPU
		{0DCB14BD-084E-4CDD-951B-4667732CAD29}.Debug|Any CPU.Build.0 = Debug|Any CPU
		{0DCB14BD-084E-4CDD-951B-4667732CAD29}.Debug|Mixed Platforms.ActiveCfg = Debug|Any CPU
		{0DCB14BD-084E-4CDD-951B-4667732CAD29}.Debug|Mixed Platforms.Build.0 = Debug|Any CPU
		{0DCB14BD-084E-4CDD-951B-4667732CAD29}.Debug|x86.ActiveCfg = Debug|Any CPU
		{0DCB14BD-084E-4CDD-951B-4667732CAD29}.Release|Any CPU.ActiveCfg = Release|Any CPU
		{0DCB14BD-084E-4CDD-951B-4667732CAD29}.Release|Any CPU.Build.0 = Release|Any CPU
		{0DCB14BD-084E-4CDD-951B-4667732CAD29}.Release|Mixed Platforms.ActiveCfg = Release|Any CPU
		{0DCB14BD-084E-4CDD-951B-4667732CAD29}.Release|Mixed Platforms.Build.0 = Release|Any CPU
		{0DCB14BD-084E-4CDD-951B-4667732CAD29}.Release|x86.ActiveCfg = Release|Any CPU
		{8ED6AE40-F849-42E8-8A15-81E1457EA307}.Debug|Any CPU.ActiveCfg = Debug|x86
		{8ED6AE40-F849-42E8-8A15-81E1457EA307}.Debug|Mixed Platforms.ActiveCfg = Debug|x86
		{8ED6AE40-F849-42E8-8A15-81E1457EA307}.Debug|Mixed Platforms.Build.0 = Debug|x86
		{8ED6AE40-F849-42E8-8A15-81E1457EA307}.Debug|x86.ActiveCfg = Debug|x86
		{8ED6AE40-F849-42E8-8A15-81E1457EA307}.Debug|x86.Build.0 = Debug|x86
		{8ED6AE40-F849-42E8-8A15-81E1457EA307}.Release|Any CPU.ActiveCfg = Release|x86
		{8ED6AE40-F849-42E8-8A15-81E1457EA307}.Release|Mixed Platforms.ActiveCfg = Release|x86
		{8ED6AE40-F849-42E8-8A15-81E1457EA307}.Release|Mixed Platforms.Build.0 = Release|x86
		{8ED6AE40-F849-42E8-8A15-81E1457EA307}.Release|x86.ActiveCfg = Release|x86
		{8ED6AE40-F849-42E8-8A15-81E1457EA307}.Release|x86.Build.0 = Release|x86
	EndGlobalSection
	GlobalSection(SolutionProperties) = preSolution
		HideSolutionNode = FALSE
	EndGlobalSection
	GlobalSection(NestedProjects) = preSolution
		{75261484-9172-477A-A994-216629F382F1} = {BD67E0BB-0541-4EB7-BA0A-705E1E6E15E5}
		{8C65C547-2FFE-4BD0-8E43-5A12CFEBCA4F} = {BD67E0BB-0541-4EB7-BA0A-705E1E6E15E5}
		{C652F7D9-7136-4699-B329-A11B24F47A4E} = {1486A282-1822-47B6-8DAD-BD39AADB0FC4}
		{06F0B648-8FE0-4D8D-9BBA-F0BB81CBE60B} = {BB33D9B4-314D-4BF5-8162-35942985985A}
		{F1232CAA-57A4-40E9-A87D-6A51F26D4463} = {3DD5EA08-BCBB-43D3-9F81-363F7C717FEF}
		{5FB9A222-7AA1-4567-995E-B90027F39A8A} = {3DD5EA08-BCBB-43D3-9F81-363F7C717FEF}
		{8A6D374A-1AF2-4AA8-8C71-E91724E1D7B1} = {BB33D9B4-314D-4BF5-8162-35942985985A}
		{12F38FDD-304F-409B-A1D8-8BD3AA955318} = {1486A282-1822-47B6-8DAD-BD39AADB0FC4}
		{2139D830-8918-4D28-914B-B05951B3D666} = {3DD5EA08-BCBB-43D3-9F81-363F7C717FEF}
		{7A795796-E69B-4780-987B-EF026F0AA136} = {BB33D9B4-314D-4BF5-8162-35942985985A}
		{D8743EFC-14B0-48B0-BD20-CB5330592ECF} = {1486A282-1822-47B6-8DAD-BD39AADB0FC4}
		{71A64C58-7EA1-419F-9D45-F5C09B5388B1} = {3DD5EA08-BCBB-43D3-9F81-363F7C717FEF}
		{3CEAB9B8-873B-4215-AF37-8DDAB50DC3C9} = {BB33D9B4-314D-4BF5-8162-35942985985A}
		{438B6299-9570-454B-A24B-83B6B1081129} = {1486A282-1822-47B6-8DAD-BD39AADB0FC4}
		{D59FA7AD-67E5-459D-97D3-DD92689E43D5} = {3DD5EA08-BCBB-43D3-9F81-363F7C717FEF}
		{0F4405D4-CE98-4BC9-9545-6BE60ECB3884} = {1486A282-1822-47B6-8DAD-BD39AADB0FC4}
		{FC590E71-6CB1-4597-A069-5D5CEB44E08B} = {75261484-9172-477A-A994-216629F382F1}
		{7D5130DA-E897-4403-9758-B4B8AD895692} = {75261484-9172-477A-A994-216629F382F1}
		{0A8000BD-A860-4BD8-96F3-415A61EB5098} = {8C65C547-2FFE-4BD0-8E43-5A12CFEBCA4F}
		{9DBB3F9A-6FA0-4E5A-86BE-FBBD7B764039} = {8C65C547-2FFE-4BD0-8E43-5A12CFEBCA4F}
		{A096FAAD-C5A4-4969-B7C3-6436F626F2C4} = {8C65C547-2FFE-4BD0-8E43-5A12CFEBCA4F}
		{C55644AA-829E-48F7-B14E-BC36D8C31626} = {8C65C547-2FFE-4BD0-8E43-5A12CFEBCA4F}
		{8ABCE18E-100C-4714-8D8D-55D95ADBED94} = {8C65C547-2FFE-4BD0-8E43-5A12CFEBCA4F}
		{AEBB5146-BE2B-4752-B265-004D07D89DAC} = {2D8562E7-555F-4DFB-89C1-3400B9E231C8}
		{7B1A5627-CB37-433F-AED4-AF0738EC0249} = {3DD5EA08-BCBB-43D3-9F81-363F7C717FEF}
		{F3E04C83-68B1-478A-9C14-D29885FD4806} = {BB33D9B4-314D-4BF5-8162-35942985985A}
		{191CC936-5752-4597-9431-BB81F2B61E94} = {1486A282-1822-47B6-8DAD-BD39AADB0FC4}
		{2873E46E-0FDA-452F-8DA8-4C48B6836DCA} = {2D8562E7-555F-4DFB-89C1-3400B9E231C8}
		{8E4A9029-C24C-4F8A-8E90-E8D89DDD4519} = {3DD5EA08-BCBB-43D3-9F81-363F7C717FEF}
		{6FC20914-1D9F-4824-8F8B-22C183AAD524} = {BB33D9B4-314D-4BF5-8162-35942985985A}
		{5FA84E58-020E-4499-9E55-2A47134ADF53} = {1486A282-1822-47B6-8DAD-BD39AADB0FC4}
		{E0805968-1AAD-4208-81AE-FC5BE4B1370C} = {3DD5EA08-BCBB-43D3-9F81-363F7C717FEF}
		{D236A58B-D6D5-4092-9CBF-B9F6E3A2A040} = {3DD5EA08-BCBB-43D3-9F81-363F7C717FEF}
		{A8CEFCFE-89DA-4B55-9246-F2B5E00DA619} = {BB33D9B4-314D-4BF5-8162-35942985985A}
		{A239DAC6-08F2-4B72-B43E-9E375B2761C7} = {BB33D9B4-314D-4BF5-8162-35942985985A}
		{47DE90EB-79F5-4ED6-BCA8-84F5B266DF4C} = {1486A282-1822-47B6-8DAD-BD39AADB0FC4}
		{4FD30A72-CA07-4223-A4DE-66E0A492E8EC} = {1486A282-1822-47B6-8DAD-BD39AADB0FC4}
		{818057F3-4191-4393-8E29-43431E5C2EBD} = {1486A282-1822-47B6-8DAD-BD39AADB0FC4}
		{E1C6A652-88EC-4E4A-B42A-D5F383CB33BD} = {BB33D9B4-314D-4BF5-8162-35942985985A}
		{F200803E-EF75-463E-9855-C47228D1D659} = {3DD5EA08-BCBB-43D3-9F81-363F7C717FEF}
		{500C79FB-CFEB-45DB-BE5A-7D4FA0B62F7D} = {8C65C547-2FFE-4BD0-8E43-5A12CFEBCA4F}
		{ABFDAD9D-F794-400E-915C-A76143EA4CEC} = {2D8562E7-555F-4DFB-89C1-3400B9E231C8}
		{B8788CC3-AB50-4756-859B-B97613BFF720} = {3DD5EA08-BCBB-43D3-9F81-363F7C717FEF}
		{EEFFB28E-9876-42DB-8C41-4B5E0EF5D72B} = {BB33D9B4-314D-4BF5-8162-35942985985A}
		{305F7424-BD86-42B7-9921-452A9E154B0D} = {1486A282-1822-47B6-8DAD-BD39AADB0FC4}
		{0DCB14BD-084E-4CDD-951B-4667732CAD29} = {8C65C547-2FFE-4BD0-8E43-5A12CFEBCA4F}
		{8ED6AE40-F849-42E8-8A15-81E1457EA307} = {8C65C547-2FFE-4BD0-8E43-5A12CFEBCA4F}
	EndGlobalSection
	GlobalSection(SubversionScc) = preSolution
		Svn-Managed = True
		Manager = AnkhSVN - Subversion Support for Visual Studio
	EndGlobalSection
EndGlobal
